version = 1
revision = 3
requires-python = ">=3.13"

[[package]]
name = "pydantic"
version = "0.1.0"
source = { virtual = "." }
dependencies = [
    { name = "pydantic-ai" },
    { name = "python-dotenv" },
]

[package.metadata]
requires-dist = [
    { name = "pydantic-ai", specifier = ">=0.0.0" },
    { name = "python-dotenv", specifier = ">=1.2.1" },
]

[[package]]
name = "pydantic-ai"
version = "0.0.0"
source = { registry = "https://pypi.org/simple" }
sdist = { url = "https://files.pythonhosted.org/packages/b0/e6/e7c03ed4f468885149002862774ae8e86a67469852fb76b60f786101c91b/pydantic_ai-0.0.0.tar.gz", hash = "sha256:d8e54b8a84d1b3a64aa776a23b5314a614b24ee87166a59053a1bac6ed023ed5", size = 1367, upload-time = "2024-05-20T00:08:07.772Z" }
wheels = [
    { url = "https://files.pythonhosted.org/packages/d1/be/00de97abb1b92953ffc3946e81b563f17f66229a4c8ed888f2ee0821ebfc/pydantic_ai-0.0.0-py3-none-any.whl", hash = "sha256:0464a0825d83b6b736eba3c7ea10e34ecfca9efa41ad5b51ab31ab6e7925f0bc", size = 1926, upload-time = "2024-05-20T00:08:05.26Z" },
]

[[package]]
name = "python-dotenv"
version = "1.2.1"
source = { registry = "https://pypi.org/simple" }
sdist = { url = "https://files.pythonhosted.org/packages/f0/26/19cadc79a718c5edbec86fd4919a6b6d3f681039a2f6d66d14be94e75fb9/python_dotenv-1.2.1.tar.gz", hash = "sha256:42667e897e16ab0d66954af0e60a9caa94f0fd4ecf3aaf6d2d260eec1aa36ad6", size = 44221, upload-time = "2025-10-26T15:12:10.434Z" }
wheels = [
    { url = "https://files.pythonhosted.org/packages/14/1b/a298b06749107c305e1fe0f814c6c74aea7b2f1e10989cb30f544a1b3253/python_dotenv-1.2.1-py3-none-any.whl", hash = "sha256:b81ee9561e9ca4004139c6cbba3a238c32b03e4894671e181b671e8cb8425d61", size = 21230, upload-time = "2025-10-26T15:12:09.109Z" },
]
